
Microsoft Visual Studio Solution File, Format Version 12.00
# Visual Studio Version 16
VisualStudioVersion = 16.0.30406.217
MinimumVisualStudioVersion = 10.0.40219.1
Project("{FAE04EC0-301F-11D3-BF4B-00C04F79EFBC}") = "GameStore.Services.Items.Api", "GameStore.Services.Items.Api\GameStore.Services.Items.Api.csproj", "{8BE30630-0ED2-4D5A-AF71-01912A65C1AD}"
EndProject
Project("{FAE04EC0-301F-11D3-BF4B-00C04F79EFBC}") = "Domain", "Domain\Domain.csproj", "{76CF06E4-14E6-4D8F-B6B4-87EE1B5CD3CF}"
EndProject
Project("{FAE04EC0-301F-11D3-BF4B-00C04F79EFBC}") = "Application", "Application\Application.csproj", "{8F77A22C-E04A-40AF-A517-5AE07E01B056}"
EndProject
Global
	GlobalSection(SolutionConfigurationPlatforms) = preSolution
		Debug|Any CPU = Debug|Any CPU
		Release|Any CPU = Release|Any CPU
	EndGlobalSection
	GlobalSection(ProjectConfigurationPlatforms) = postSolution
		{8BE30630-0ED2-4D5A-AF71-01912A65C1AD}.Debug|Any CPU.ActiveCfg = Debug|Any CPU
		{8BE30630-0ED2-4D5A-AF71-01912A65C1AD}.Debug|Any CPU.Build.0 = Debug|Any CPU
		{8BE30630-0ED2-4D5A-AF71-01912A65C1AD}.Release|Any CPU.ActiveCfg = Release|Any CPU
		{8BE30630-0ED2-4D5A-AF71-01912A65C1AD}.Release|Any CPU.Build.0 = Release|Any CPU
		{76CF06E4-14E6-4D8F-B6B4-87EE1B5CD3CF}.Debug|Any CPU.ActiveCfg = Debug|Any CPU
		{76CF06E4-14E6-4D8F-B6B4-87EE1B5CD3CF}.Debug|Any CPU.Build.0 = Debug|Any CPU
		{76CF06E4-14E6-4D8F-B6B4-87EE1B5CD3CF}.Release|Any CPU.ActiveCfg = Release|Any CPU
		{76CF06E4-14E6-4D8F-B6B4-87EE1B5CD3CF}.Release|Any CPU.Build.0 = Release|Any CPU
		{8F77A22C-E04A-40AF-A517-5AE07E01B056}.Debug|Any CPU.ActiveCfg = Debug|Any CPU
		{8F77A22C-E04A-40AF-A517-5AE07E01B056}.Debug|Any CPU.Build.0 = Debug|Any CPU
		{8F77A22C-E04A-40AF-A517-5AE07E01B056}.Release|Any CPU.ActiveCfg = Release|Any CPU
		{8F77A22C-E04A-40AF-A517-5AE07E01B056}.Release|Any CPU.Build.0 = Release|Any CPU
	EndGlobalSection
	GlobalSection(SolutionProperties) = preSolution
		HideSolutionNode = FALSE
	EndGlobalSection
	GlobalSection(ExtensibilityGlobals) = postSolution
		SolutionGuid = {C552AA38-2430-41A4-ACBF-1BF2A852ECA1}
	EndGlobalSection
EndGlobal
